
Microsoft Visual Studio Solution File, Format Version 12.00
# Visual Studio Version 17
VisualStudioVersion = 17.10.34916.146
MinimumVisualStudioVersion = 10.0.40219.1
Project("{FAE04EC0-301F-11D3-BF4B-00C04F79EFBC}") = "DesafioStefanini.Server", "DesafioStefanini.Server\DesafioStefanini.Server.csproj", "{9D08FE25-F055-4EC8-8BB5-8CCFA0B6B500}"
EndProject
Project("{54A90642-561A-4BB1-A94E-469ADEE60C69}") = "desafiostefanini.client", "desafiostefanini.client\desafiostefanini.client.esproj", "{E855AA87-3B88-4FF6-B85A-780A7C79CECD}"
EndProject
Global
	GlobalSection(SolutionConfigurationPlatforms) = preSolution
		Debug|Any CPU = Debug|Any CPU
		Release|Any CPU = Release|Any CPU
	EndGlobalSection
	GlobalSection(ProjectConfigurationPlatforms) = postSolution
		{9D08FE25-F055-4EC8-8BB5-8CCFA0B6B500}.Debug|Any CPU.ActiveCfg = Debug|Any CPU
		{9D08FE25-F055-4EC8-8BB5-8CCFA0B6B500}.Debug|Any CPU.Build.0 = Debug|Any CPU
		{9D08FE25-F055-4EC8-8BB5-8CCFA0B6B500}.Release|Any CPU.ActiveCfg = Release|Any CPU
		{9D08FE25-F055-4EC8-8BB5-8CCFA0B6B500}.Release|Any CPU.Build.0 = Release|Any CPU
		{E855AA87-3B88-4FF6-B85A-780A7C79CECD}.Debug|Any CPU.ActiveCfg = Debug|Any CPU
		{E855AA87-3B88-4FF6-B85A-780A7C79CECD}.Debug|Any CPU.Build.0 = Debug|Any CPU
		{E855AA87-3B88-4FF6-B85A-780A7C79CECD}.Debug|Any CPU.Deploy.0 = Debug|Any CPU
		{E855AA87-3B88-4FF6-B85A-780A7C79CECD}.Release|Any CPU.ActiveCfg = Release|Any CPU
		{E855AA87-3B88-4FF6-B85A-780A7C79CECD}.Release|Any CPU.Build.0 = Release|Any CPU
		{E855AA87-3B88-4FF6-B85A-780A7C79CECD}.Release|Any CPU.Deploy.0 = Release|Any CPU
	EndGlobalSection
	GlobalSection(SolutionProperties) = preSolution
		HideSolutionNode = FALSE
	EndGlobalSection
	GlobalSection(ExtensibilityGlobals) = postSolution
		SolutionGuid = {025BD3EC-0D25-48BD-B9ED-6D33E159C87D}
	EndGlobalSection
EndGlobal
